{
  "name": "@pdulvp/font2css",
  "version": "1.0.0",
  "lockfileVersion": 1,
  "requires": true,
  "dependencies": {
    "@pdulvp/fsquery": {
      "version": "1.0.3",
      "resolved": "https://npm.pkg.github.com/download/@pdulvp/fsquery/1.0.3/73fecbc8b0b55ed90816fb6d3a9d893da1c74cd6a5786a2d9c15637005589f94",
      "integrity": "sha512-MVEtcFlxVmGkaTGVKzx5vRFP2TyaT+J2SfcH1/WIZybU5jVWQskGYktOebG0GTKhy2LLhrB9hqfU3a+TF/HMUw=="
    },
    "@pdulvp/httpquery": {
      "version": "2.0.0",
      "resolved": "https://npm.pkg.github.com/download/@pdulvp/httpquery/2.0.0/11774f8c75a8cde35f40d0c0b86a2d9e4fb8911692fa86952e1dfb597f8fcf86",
      "integrity": "sha512-bqAoYs0Lyq6wdKE1bUMwuKQsAM5uSphdxxRLLEKyBCd4ayyX2kHSC1xn/zLA7rP+jE3W2gs3a6P4lfoTv+la8A=="
    }
  }
}
