{
  "name": "@pdulvp/font2css",
  "version": "1.0.0",
  "lockfileVersion": 1,
  "requires": true,
  "dependencies": {
    "@pdulvp/fsquery": {
      "version": "1.0.2",
      "resolved": "https://npm.pkg.github.com/download/@pdulvp/fsquery/1.0.2/d785824afccfa646cbad829f954bd58f4f76cbb8db244b7dd8800508c8b99edd",
      "integrity": "sha512-qDLQaKVjuC14hicSygiMVxOSYQM37rgcGugy4FoIQurh2OiDVH5N3gk2ykhUG3eiy0JKiAkOtPAPiNv87ik2jA=="
    },
    "@pdulvp/httpquery": {
      "version": "1.0.3",
      "resolved": "https://npm.pkg.github.com/download/@pdulvp/httpquery/1.0.3/a8bfc9421ac6692736d2f2d1d15c055b91db1e629d56399361e52187d7fd071b",
      "integrity": "sha512-U4NlGBhvOMKK/45MUuLqgaGgAeQ+cHmY6tkHEW+lIJwu1fNYT38ZQcbhDm+jnx1r4PB0nVQ8nx5JBZyGPWMs3Q=="
    }
  }
}
